{
  "name": "mdb-standard-app",
  "version": "7.2.0",
  "lockfileVersion": 3,
  "requires": true,
  "packages": {
    "": {
      "name": "mdb-standard-app",
      "version": "7.2.0",
      "license": "SEE LICENSE IN <License.txt>",
      "dependencies": {
        "flat-color-icons": "^1.1.0"
      }
    },
    "node_modules/flat-color-icons": {
      "version": "1.1.0",
      "resolved": "https://registry.npmjs.org/flat-color-icons/-/flat-color-icons-1.1.0.tgz",
      "integrity": "sha512-duN0PycToLxktav7Asyw0hYCSxH8dvoCbeZHw0zSTw+KXg4rAH4CcLViDrGjg//nLfoZjiDV34kw8xmJJfSfqA=="
    }
  }
}
